# THIS IS AN AUTOGENERATED FILE. DO NOT EDIT THIS FILE DIRECTLY.
# yarn lockfile v1


"@algolia/autocomplete-core@1.19.4":
  version "1.19.4"
  resolved "https://registry.npmjs.org/@algolia/autocomplete-core/-/autocomplete-core-1.19.4.tgz"
  integrity sha512-yVwXLrfwQ3dAndY12j1pfa0oyC5hTDv+/dgwvVHj57dY3zN6PbAmcHdV5DOOdGJrCMXff+fsPr8G2Ik8zWOPTw==
  dependencies:
    "@algolia/autocomplete-plugin-algolia-insights" "1.19.4"
    "@algolia/autocomplete-shared" "1.19.4"

"@algolia/autocomplete-js@^1.19.4":
  version "1.19.4"
  resolved "https://registry.npmjs.org/@algolia/autocomplete-js/-/autocomplete-js-1.19.4.tgz"
  integrity sha512-ZkwsuTTIEuw+hbsIooMrNLvTVulUSSKqJT3ZeYYd//kA5fHaFf2/T0BDmd9qSGxZRhT5WS8AJYjFARLmj5x08g==
  dependencies:
    "@algolia/autocomplete-core" "1.19.4"
    "@algolia/autocomplete-preset-algolia" "1.19.4"
    "@algolia/autocomplete-shared" "1.19.4"
    htm "^3.1.1"
    preact "^10.13.2"

"@algolia/autocomplete-plugin-algolia-insights@1.19.4":
  version "1.19.4"
  resolved "https://registry.npmjs.org/@algolia/autocomplete-plugin-algolia-insights/-/autocomplete-plugin-algolia-insights-1.19.4.tgz"
  integrity sha512-K6TQhTKxx0Es1ZbjlAQjgm/QLDOtKvw23MX0xmpvO7AwkmlmaEXo2PwHdVSs3Bquv28CkO2BYKks7jVSIdcXUg==
  dependencies:
    "@algolia/autocomplete-shared" "1.19.4"

"@algolia/autocomplete-preset-algolia@1.19.4":
  version "1.19.4"
  resolved "https://registry.npmjs.org/@algolia/autocomplete-preset-algolia/-/autocomplete-preset-algolia-1.19.4.tgz"
  integrity sha512-WhX4mYosy7yBDjkB6c/ag+WKICjvV2fqQv/+NWJlpvnk2JtMaZByi73F6svpQX945J+/PxpQe8YIRBZHuYsLAQ==
  dependencies:
    "@algolia/autocomplete-shared" "1.19.4"

"@algolia/autocomplete-shared@1.19.4":
  version "1.19.4"
  resolved "https://registry.npmjs.org/@algolia/autocomplete-shared/-/autocomplete-shared-1.19.4.tgz"
  integrity sha512-V7tYDgRXP0AqL4alwZBWNm1HPWjJvEU94Nr7Qa2cuPcIAbsTAj7M/F/+Pv/iwOWXl3N7tzVzNkOWm7sX6JT1SQ==

"@algolia/cache-browser-local-storage@4.25.2":
  version "4.25.2"
  resolved "https://registry.npmjs.org/@algolia/cache-browser-local-storage/-/cache-browser-local-storage-4.25.2.tgz"
  integrity sha512-tA1rqAafI+gUdewjZwyTsZVxesl22MTgLWRKt1+TBiL26NiKx7SjRqTI3pzm8ngx1ftM5LSgXkVIgk2+SRgPTg==
  dependencies:
    "@algolia/cache-common" "4.25.2"

"@algolia/cache-common@4.25.2":
  version "4.25.2"
  resolved "https://registry.npmjs.org/@algolia/cache-common/-/cache-common-4.25.2.tgz"
  integrity sha512-E+aZwwwmhvZXsRA1+8DhH2JJIwugBzHivASTnoq7bmv0nmForLyH7rMG5cOTiDK36DDLnKq1rMGzxWZZ70KZag==

"@algolia/cache-in-memory@4.25.2":
  version "4.25.2"
  resolved "https://registry.npmjs.org/@algolia/cache-in-memory/-/cache-in-memory-4.25.2.tgz"
  integrity sha512-KYcenhfPKgR+WJ6IEwKVEFMKKCWLZdnYuw08+3Pn1cxAXbJcTIKjoYgEXzEW6gJmDaau2l55qNrZo6MBbX7+sw==
  dependencies:
    "@algolia/cache-common" "4.25.2"

"@algolia/client-account@4.25.2":
  version "4.25.2"
  resolved "https://registry.npmjs.org/@algolia/client-account/-/client-account-4.25.2.tgz"
  integrity sha512-IfRGhBxvjli9mdexrCxX2N4XT9NBN3tvZK5zCaL8zkDcgsthiM9WPvGIZS/pl/FuXB7hA0lE5kqOzsQDP6OmGQ==
  dependencies:
    "@algolia/client-common" "4.25.2"
    "@algolia/client-search" "4.25.2"
    "@algolia/transporter" "4.25.2"

"@algolia/client-analytics@4.25.2":
  version "4.25.2"
  resolved "https://registry.npmjs.org/@algolia/client-analytics/-/client-analytics-4.25.2.tgz"
  integrity sha512-4Yxxhxh+XjXY8zPyo+h6tQuyoJWDBn8E3YLr8j+YAEy5p+r3/5Tp+ANvQ+hNaQXbwZpyf5d4ViYOBjJ8+bWNEg==
  dependencies:
    "@algolia/client-common" "4.25.2"
    "@algolia/client-search" "4.25.2"
    "@algolia/requester-common" "4.25.2"
    "@algolia/transporter" "4.25.2"

"@algolia/client-common@4.25.2":
  version "4.25.2"
  resolved "https://registry.npmjs.org/@algolia/client-common/-/client-common-4.25.2.tgz"
  integrity sha512-HXX8vbJPYW29P18GxciiwaDpQid6UhpPP9nW9WE181uGUgFhyP5zaEkYWf9oYBrjMubrGwXi5YEzJOz6Oa4faA==
  dependencies:
    "@algolia/requester-common" "4.25.2"
    "@algolia/transporter" "4.25.2"

"@algolia/client-personalization@4.25.2":
  version "4.25.2"
  resolved "https://registry.npmjs.org/@algolia/client-personalization/-/client-personalization-4.25.2.tgz"
  integrity sha512-K81PRaHF77mHv2u8foWTHnIf5c+QNf/SnKNM7rB8JPi7TMYi4E5o2mFbgdU1ovd8eg9YMOEAuLkl1Nz1vbM3zQ==
  dependencies:
    "@algolia/client-common" "4.25.2"
    "@algolia/requester-common" "4.25.2"
    "@algolia/transporter" "4.25.2"

"@algolia/client-search@>= 4.5.1 < 6", "@algolia/client-search@>= 4.9.1 < 6", "@algolia/client-search@4.25.2":
  version "4.25.2"
  resolved "https://registry.npmjs.org/@algolia/client-search/-/client-search-4.25.2.tgz"
  integrity sha512-pO/LpVnQlbJpcHRk+AroWyyFnh01eOlO6/uLZRUmYvr/hpKZKxI6n7ufgTawbo0KrAu2CePfiOkStYOmDuRjzQ==
  dependencies:
    "@algolia/client-common" "4.25.2"
    "@algolia/requester-common" "4.25.2"
    "@algolia/transporter" "4.25.2"

"@algolia/events@^4.0.1":
  version "4.0.1"
  resolved "https://registry.npmjs.org/@algolia/events/-/events-4.0.1.tgz"
  integrity sha512-FQzvOCgoFXAbf5Y6mYozw2aj5KCJoA3m4heImceldzPSMbdyS4atVjJzXKMsfX3wnZTFYwkkt8/z8UesLHlSBQ==

"@algolia/logger-common@4.25.2":
  version "4.25.2"
  resolved "https://registry.npmjs.org/@algolia/logger-common/-/logger-common-4.25.2.tgz"
  integrity sha512-aUXpcodoIpLPsnVc2OHgC9E156R7yXWLW2l+Zn24Cyepfq3IvmuVckBvJDpp7nPnXkEzeMuvnVxQfQsk+zP/BA==

"@algolia/logger-console@4.25.2":
  version "4.25.2"
  resolved "https://registry.npmjs.org/@algolia/logger-console/-/logger-console-4.25.2.tgz"
  integrity sha512-H3Y+UB0Ty0htvMJ6zDSufhFTSDlg3Pyj3AXilfDdDRcvfhH4C/cJNVm+CTaGORxL5uKABGsBp+SZjsEMTyAunQ==
  dependencies:
    "@algolia/logger-common" "4.25.2"

"@algolia/recommend@4.25.2":
  version "4.25.2"
  resolved "https://registry.npmjs.org/@algolia/recommend/-/recommend-4.25.2.tgz"
  integrity sha512-puRrGeXwAuVa4mLdvXvmxHRFz9MkcCOLPcjz7MjU4NihlpIa+lZYgikJ7z0SUAaYgd6l5Bh00hXiU/OlX5ffXQ==
  dependencies:
    "@algolia/cache-browser-local-storage" "4.25.2"
    "@algolia/cache-common" "4.25.2"
    "@algolia/cache-in-memory" "4.25.2"
    "@algolia/client-common" "4.25.2"
    "@algolia/client-search" "4.25.2"
    "@algolia/logger-common" "4.25.2"
    "@algolia/logger-console" "4.25.2"
    "@algolia/requester-browser-xhr" "4.25.2"
    "@algolia/requester-common" "4.25.2"
    "@algolia/requester-node-http" "4.25.2"
    "@algolia/transporter" "4.25.2"

"@algolia/requester-browser-xhr@4.25.2":
  version "4.25.2"
  resolved "https://registry.npmjs.org/@algolia/requester-browser-xhr/-/requester-browser-xhr-4.25.2.tgz"
  integrity sha512-aAjfsI0AjWgXLh/xr9eoR8/9HekBkIER3bxGoBf9d1XWMMoTo/q92Da2fewkxwLE6mla95QJ9suJGOtMOewXXQ==
  dependencies:
    "@algolia/requester-common" "4.25.2"

"@algolia/requester-common@4.25.2":
  version "4.25.2"
  resolved "https://registry.npmjs.org/@algolia/requester-common/-/requester-common-4.25.2.tgz"
  integrity sha512-Q4wC3sgY0UFjV3Rb3icRLTpPB5/M44A8IxzJHM9PNeK1T3iX7X/fmz7ATUYQYZTpwHCYATlsQKWiTpql1hHjVg==

"@algolia/requester-node-http@4.25.2":
  version "4.25.2"
  resolved "https://registry.npmjs.org/@algolia/requester-node-http/-/requester-node-http-4.25.2.tgz"
  integrity sha512-Ja/FYB7W9ZM+m8UrMIlawNUAKpncvb9Mo+D8Jq5WepGTUyQ9CBYLsjwxv9O8wbj3TSWqTInf4uUBJ2FKR8G7xw==
  dependencies:
    "@algolia/requester-common" "4.25.2"

"@algolia/transporter@4.25.2":
  version "4.25.2"
  resolved "https://registry.npmjs.org/@algolia/transporter/-/transporter-4.25.2.tgz"
  integrity sha512-yw3RLHWc6V+pbdsFtq8b6T5bJqLDqnfKWS7nac1Vzcmgvs/V/Lfy7/6iOF9XRilu5aBDOBHoP1SOeIDghguzWw==
  dependencies:
    "@algolia/cache-common" "4.25.2"
    "@algolia/logger-common" "4.25.2"
    "@algolia/requester-common" "4.25.2"

"@babel/runtime@^7.27.6":
  version "7.28.4"
  resolved "https://registry.npmjs.org/@babel/runtime/-/runtime-7.28.4.tgz"
  integrity sha512-Q/N6JNWvIvPnLDvjlE1OUBLPQHH6l3CltCEsHIujp45zQUSSh8K+gHnaEX45yAT1nyngnINhvWtzN+Nb9D8RAQ==

"@esbuild/darwin-arm64@0.25.9":
  version "0.25.9"
  resolved "https://registry.npmjs.org/@esbuild/darwin-arm64/-/darwin-arm64-0.25.9.tgz"
  integrity sha512-XIpIDMAjOELi/9PB30vEbVMs3GV1v2zkkPnuyRRURbhqjyzIINwj+nbQATh4H9GxUgH1kFsEyQMxwiLFKUS6Rg==

"@hotwired/stimulus@^3.2.2":
  version "3.2.2"
  resolved "https://registry.npmjs.org/@hotwired/stimulus/-/stimulus-3.2.2.tgz"
  integrity sha512-eGeIqNOQpXoPAIP7tC1+1Yc1yl1xnwYqg+3mzqxyrbE5pg5YFBZcA6YoTiByJB6DKAEsiWtl6tjTJS4IYtbB7A==

"@hotwired/turbo-rails@^8.0.16":
  version "8.0.16"
  resolved "https://registry.npmjs.org/@hotwired/turbo-rails/-/turbo-rails-8.0.16.tgz"
  integrity sha512-Yxiy2x+N3eOIEDokvLzSrd08aI5RDKnFYDQFl2J/LuMEWTtPdY7oNP0F/gv/sSe5AV23Lwz4FitG/uNFXNM5tA==
  dependencies:
    "@hotwired/turbo" "^8.0.13"
    "@rails/actioncable" ">=7.0"

"@hotwired/turbo@^8.0.13":
  version "8.0.13"
  resolved "https://registry.npmjs.org/@hotwired/turbo/-/turbo-8.0.13.tgz"
  integrity sha512-M7qXUqcGab6G5PKOiwhgbByTtrPgKPFCTMNQ52QhzUEXEqmp0/ApEguUesh/FPiUjrmFec+3lq98KsWnYY2C7g==

"@isaacs/fs-minipass@^4.0.0":
  version "4.0.1"
  resolved "https://registry.npmjs.org/@isaacs/fs-minipass/-/fs-minipass-4.0.1.tgz"
  integrity sha512-wgm9Ehl2jpeqP3zw/7mo3kRHFp5MEDhqAdwy1fTGkHAwnkGOVsgpvQhL8B5n1qlb01jV3n/bI0ZfZp5lWA1k4w==
  dependencies:
    minipass "^7.0.4"

"@jridgewell/gen-mapping@^0.3.5":
  version "0.3.13"
  resolved "https://registry.npmjs.org/@jridgewell/gen-mapping/-/gen-mapping-0.3.13.tgz"
  integrity sha512-2kkt/7niJ6MgEPxF0bYdQ6etZaA+fQvDcLKckhy1yIQOzaoKjBBjSj63/aLVjYE3qhRt5dvM+uUyfCg6UKCBbA==
  dependencies:
    "@jridgewell/sourcemap-codec" "^1.5.0"
    "@jridgewell/trace-mapping" "^0.3.24"

"@jridgewell/remapping@^2.3.4":
  version "2.3.5"
  resolved "https://registry.npmjs.org/@jridgewell/remapping/-/remapping-2.3.5.tgz"
  integrity sha512-LI9u/+laYG4Ds1TDKSJW2YPrIlcVYOwi2fUC6xB43lueCjgxV4lffOCZCtYFiH6TNOX+tQKXx97T4IKHbhyHEQ==
  dependencies:
    "@jridgewell/gen-mapping" "^0.3.5"
    "@jridgewell/trace-mapping" "^0.3.24"

"@jridgewell/resolve-uri@^3.1.0":
  version "3.1.2"
  resolved "https://registry.npmjs.org/@jridgewell/resolve-uri/-/resolve-uri-3.1.2.tgz"
  integrity sha512-bRISgCIjP20/tbWSPWMEi54QVPRZExkuD9lJL+UIxUKtwVJA8wW1Trb1jMs1RFXo1CBTNZ/5hpC9QvmKWdopKw==

"@jridgewell/sourcemap-codec@^1.4.14", "@jridgewell/sourcemap-codec@^1.5.0", "@jridgewell/sourcemap-codec@^1.5.5":
  version "1.5.5"
  resolved "https://registry.npmjs.org/@jridgewell/sourcemap-codec/-/sourcemap-codec-1.5.5.tgz"
  integrity sha512-cYQ9310grqxueWbl+WuIUIaiUaDcj7WOq5fVhEljNVgRfOUhY9fy2zTvfoqWsnebh8Sl70VScFbICvJnLKB0Og==

"@jridgewell/trace-mapping@^0.3.24":
  version "0.3.31"
  resolved "https://registry.npmjs.org/@jridgewell/trace-mapping/-/trace-mapping-0.3.31.tgz"
  integrity sha512-zzNR+SdQSDJzc8joaeP8QQoCQr8NuYx2dIIytl1QeBEZHJ9uW6hebsrYgbz8hJwUQao3TWCMtmfV8Nu1twOLAw==
  dependencies:
    "@jridgewell/resolve-uri" "^3.1.0"
    "@jridgewell/sourcemap-codec" "^1.4.14"

"@parcel/watcher-darwin-arm64@2.5.1":
  version "2.5.1"
  resolved "https://registry.npmjs.org/@parcel/watcher-darwin-arm64/-/watcher-darwin-arm64-2.5.1.tgz"
  integrity sha512-eAzPv5osDmZyBhou8PoF4i6RQXAfeKL9tjb3QzYuccXFMQU0ruIc/POh30ePnaOyD1UXdlKguHBmsTs53tVoPw==

"@parcel/watcher@^2.5.1":
  version "2.5.1"
  resolved "https://registry.npmjs.org/@parcel/watcher/-/watcher-2.5.1.tgz"
  integrity sha512-dfUnCxiN9H4ap84DvD2ubjw+3vUNpstxa0TneY/Paat8a3R4uQZDLSvWjmznAY/DoahqTHl9V46HF/Zs3F29pg==
  dependencies:
    detect-libc "^1.0.3"
    is-glob "^4.0.3"
    micromatch "^4.0.5"
    node-addon-api "^7.0.0"
  optionalDependencies:
    "@parcel/watcher-android-arm64" "2.5.1"
    "@parcel/watcher-darwin-arm64" "2.5.1"
    "@parcel/watcher-darwin-x64" "2.5.1"
    "@parcel/watcher-freebsd-x64" "2.5.1"
    "@parcel/watcher-linux-arm-glibc" "2.5.1"
    "@parcel/watcher-linux-arm-musl" "2.5.1"
    "@parcel/watcher-linux-arm64-glibc" "2.5.1"
    "@parcel/watcher-linux-arm64-musl" "2.5.1"
    "@parcel/watcher-linux-x64-glibc" "2.5.1"
    "@parcel/watcher-linux-x64-musl" "2.5.1"
    "@parcel/watcher-win32-arm64" "2.5.1"
    "@parcel/watcher-win32-ia32" "2.5.1"
    "@parcel/watcher-win32-x64" "2.5.1"

"@rails/actioncable@>=7.0":
  version "8.0.201"
  resolved "https://registry.npmjs.org/@rails/actioncable/-/actioncable-8.0.201.tgz"
  integrity sha512-WiXZodvnK7u+wlu72DZydfV75x14HhzXI84sto9xcdsW1DMOHK+jYwQuuE/Wh/hKH5yajFIw/3DUP6MHDeGrbA==

"@tailwindcss/cli@^4.1.13":
  version "4.1.13"
  resolved "https://registry.npmjs.org/@tailwindcss/cli/-/cli-4.1.13.tgz"
  integrity sha512-KEu/iL4CYBzGza/2yZBLXqjCCZB/eRWkRLP8Vg2kkEWk4usC8HLGJW0QAhLS7U5DsAWumsisxgabuppE6NinLw==
  dependencies:
    "@parcel/watcher" "^2.5.1"
    "@tailwindcss/node" "4.1.13"
    "@tailwindcss/oxide" "4.1.13"
    enhanced-resolve "^5.18.3"
    mri "^1.2.0"
    picocolors "^1.1.1"
    tailwindcss "4.1.13"

"@tailwindcss/node@4.1.13":
  version "4.1.13"
  resolved "https://registry.npmjs.org/@tailwindcss/node/-/node-4.1.13.tgz"
  integrity sha512-eq3ouolC1oEFOAvOMOBAmfCIqZBJuvWvvYWh5h5iOYfe1HFC6+GZ6EIL0JdM3/niGRJmnrOc+8gl9/HGUaaptw==
  dependencies:
    "@jridgewell/remapping" "^2.3.4"
    enhanced-resolve "^5.18.3"
    jiti "^2.5.1"
    lightningcss "1.30.1"
    magic-string "^0.30.18"
    source-map-js "^1.2.1"
    tailwindcss "4.1.13"

"@tailwindcss/oxide-darwin-arm64@4.1.13":
  version "4.1.13"
  resolved "https://registry.npmjs.org/@tailwindcss/oxide-darwin-arm64/-/oxide-darwin-arm64-4.1.13.tgz"
  integrity sha512-YP+Jksc4U0KHcu76UhRDHq9bx4qtBftp9ShK/7UGfq0wpaP96YVnnjFnj3ZFrUAjc5iECzODl/Ts0AN7ZPOANQ==

"@tailwindcss/oxide@4.1.13":
  version "4.1.13"
  resolved "https://registry.npmjs.org/@tailwindcss/oxide/-/oxide-4.1.13.tgz"
  integrity sha512-CPgsM1IpGRa880sMbYmG1s4xhAy3xEt1QULgTJGQmZUeNgXFR7s1YxYygmJyBGtou4SyEosGAGEeYqY7R53bIA==
  dependencies:
    detect-libc "^2.0.4"
    tar "^7.4.3"
  optionalDependencies:
    "@tailwindcss/oxide-android-arm64" "4.1.13"
    "@tailwindcss/oxide-darwin-arm64" "4.1.13"
    "@tailwindcss/oxide-darwin-x64" "4.1.13"
    "@tailwindcss/oxide-freebsd-x64" "4.1.13"
    "@tailwindcss/oxide-linux-arm-gnueabihf" "4.1.13"
    "@tailwindcss/oxide-linux-arm64-gnu" "4.1.13"
    "@tailwindcss/oxide-linux-arm64-musl" "4.1.13"
    "@tailwindcss/oxide-linux-x64-gnu" "4.1.13"
    "@tailwindcss/oxide-linux-x64-musl" "4.1.13"
    "@tailwindcss/oxide-wasm32-wasi" "4.1.13"
    "@tailwindcss/oxide-win32-arm64-msvc" "4.1.13"
    "@tailwindcss/oxide-win32-x64-msvc" "4.1.13"

"@types/dom-speech-recognition@^0.0.1":
  version "0.0.1"
  resolved "https://registry.npmjs.org/@types/dom-speech-recognition/-/dom-speech-recognition-0.0.1.tgz"
  integrity sha512-udCxb8DvjcDKfk1WTBzDsxFbLgYxmQGKrE/ricoMqHRNjSlSUCcamVTA5lIQqzY10mY5qCY0QDwBfFEwhfoDPw==

"@types/google.maps@^3.55.12":
  version "3.58.1"
  resolved "https://registry.npmjs.org/@types/google.maps/-/google.maps-3.58.1.tgz"
  integrity sha512-X9QTSvGJ0nCfMzYOnaVs/k6/4L+7F5uCS+4iUmkLEls6J9S/Phv+m/i3mDeyc49ZBgwab3EFO1HEoBY7k98EGQ==

"@types/hogan.js@^3.0.0":
  version "3.0.5"
  resolved "https://registry.npmjs.org/@types/hogan.js/-/hogan.js-3.0.5.tgz"
  integrity sha512-/uRaY3HGPWyLqOyhgvW9Aa43BNnLZrNeQxl2p8wqId4UHMfPKolSB+U7BlZyO1ng7MkLnyEAItsBzCG0SDhqrA==

"@types/qs@^6.5.3":
  version "6.14.0"
  resolved "https://registry.npmjs.org/@types/qs/-/qs-6.14.0.tgz"
  integrity sha512-eOunJqu0K1923aExK6y8p6fsihYEn/BYuQ4g0CxAAgFc4b/ZLN4CrsRZ55srTdqoiLzU2B2evC+apEIxprEzkQ==

abbrev@1:
  version "1.1.1"
  resolved "https://registry.npmjs.org/abbrev/-/abbrev-1.1.1.tgz"
  integrity sha512-nne9/IiQ/hzIhY6pdDnbBtz7DjPTKrY00P/zvPSm5pOFkl6xuGrGnXn/VtTNNfNtAfZ9/1RtehkszU9qcTii0Q==

algoliasearch-helper@3.26.0:
  version "3.26.0"
  resolved "https://registry.npmjs.org/algoliasearch-helper/-/algoliasearch-helper-3.26.0.tgz"
  integrity sha512-Rv2x3GXleQ3ygwhkhJubhhYGsICmShLAiqtUuJTUkr9uOCOXyF2E71LVT4XDnVffbknv8XgScP4U0Oxtgm+hIw==
  dependencies:
    "@algolia/events" "^4.0.1"

algoliasearch@^4.25.2, "algoliasearch@>= 3.1 < 6", "algoliasearch@>= 4.9.1 < 6":
  version "4.25.2"
  resolved "https://registry.npmjs.org/algoliasearch/-/algoliasearch-4.25.2.tgz"
  integrity sha512-lYx98L6kb1VvXypbPI7Z54C4BJB2VT5QvOYthvPq6/POufZj+YdyeZSKjoLBKHJgGmYWQTHOKtcCTdKf98WOCA==
  dependencies:
    "@algolia/cache-browser-local-storage" "4.25.2"
    "@algolia/cache-common" "4.25.2"
    "@algolia/cache-in-memory" "4.25.2"
    "@algolia/client-account" "4.25.2"
    "@algolia/client-analytics" "4.25.2"
    "@algolia/client-common" "4.25.2"
    "@algolia/client-personalization" "4.25.2"
    "@algolia/client-search" "4.25.2"
    "@algolia/logger-common" "4.25.2"
    "@algolia/logger-console" "4.25.2"
    "@algolia/recommend" "4.25.2"
    "@algolia/requester-browser-xhr" "4.25.2"
    "@algolia/requester-common" "4.25.2"
    "@algolia/requester-node-http" "4.25.2"
    "@algolia/transporter" "4.25.2"

braces@^3.0.3:
  version "3.0.3"
  resolved "https://registry.npmjs.org/braces/-/braces-3.0.3.tgz"
  integrity sha512-yQbXgO/OSZVD2IsiLlro+7Hf6Q18EJrKSEsdoMzKePKXct3gvD8oLcOQdIzGupr5Fj+EDe8gO/lxc1BzfMpxvA==
  dependencies:
    fill-range "^7.1.1"

chownr@^3.0.0:
  version "3.0.0"
  resolved "https://registry.npmjs.org/chownr/-/chownr-3.0.0.tgz"
  integrity sha512-+IxzY9BZOQd/XuYPRmrvEVjF/nqj5kgT4kEq7VofrDoM1MxoRjEWkrCC3EtLi59TVawxTAn+orJwFQcrqEN1+g==

detect-libc@^1.0.3:
  version "1.0.3"
  resolved "https://registry.npmjs.org/detect-libc/-/detect-libc-1.0.3.tgz"
  integrity sha512-pGjwhsmsp4kL2RTz08wcOlGN83otlqHeD/Z5T8GXZB+/YcpQ/dgo+lbU8ZsGxV0HIvqqxo9l7mqYwyYMD9bKDg==

detect-libc@^2.0.3, detect-libc@^2.0.4:
  version "2.0.4"
  resolved "https://registry.npmjs.org/detect-libc/-/detect-libc-2.0.4.tgz"
  integrity sha512-3UDv+G9CsCKO1WKMGw9fwq/SWJYbI0c5Y7LU1AXYoDdbhE2AHQ6N6Nb34sG8Fj7T5APy8qXDCKuuIHd1BR0tVA==

enhanced-resolve@^5.18.3:
  version "5.18.3"
  resolved "https://registry.npmjs.org/enhanced-resolve/-/enhanced-resolve-5.18.3.tgz"
  integrity sha512-d4lC8xfavMeBjzGr2vECC3fsGXziXZQyJxD868h2M/mBI3PwAuODxAkLkq5HYuvrPYcUtiLzsTo8U3PgX3Ocww==
  dependencies:
    graceful-fs "^4.2.4"
    tapable "^2.2.0"

esbuild@^0.25.9:
  version "0.25.9"
  resolved "https://registry.npmjs.org/esbuild/-/esbuild-0.25.9.tgz"
  integrity sha512-CRbODhYyQx3qp7ZEwzxOk4JBqmD/seJrzPa/cGjY1VtIn5E09Oi9/dB4JwctnfZ8Q8iT7rioVv5k/FNT/uf54g==
  optionalDependencies:
    "@esbuild/aix-ppc64" "0.25.9"
    "@esbuild/android-arm" "0.25.9"
    "@esbuild/android-arm64" "0.25.9"
    "@esbuild/android-x64" "0.25.9"
    "@esbuild/darwin-arm64" "0.25.9"
    "@esbuild/darwin-x64" "0.25.9"
    "@esbuild/freebsd-arm64" "0.25.9"
    "@esbuild/freebsd-x64" "0.25.9"
    "@esbuild/linux-arm" "0.25.9"
    "@esbuild/linux-arm64" "0.25.9"
    "@esbuild/linux-ia32" "0.25.9"
    "@esbuild/linux-loong64" "0.25.9"
    "@esbuild/linux-mips64el" "0.25.9"
    "@esbuild/linux-ppc64" "0.25.9"
    "@esbuild/linux-riscv64" "0.25.9"
    "@esbuild/linux-s390x" "0.25.9"
    "@esbuild/linux-x64" "0.25.9"
    "@esbuild/netbsd-arm64" "0.25.9"
    "@esbuild/netbsd-x64" "0.25.9"
    "@esbuild/openbsd-arm64" "0.25.9"
    "@esbuild/openbsd-x64" "0.25.9"
    "@esbuild/openharmony-arm64" "0.25.9"
    "@esbuild/sunos-x64" "0.25.9"
    "@esbuild/win32-arm64" "0.25.9"
    "@esbuild/win32-ia32" "0.25.9"
    "@esbuild/win32-x64" "0.25.9"

fill-range@^7.1.1:
  version "7.1.1"
  resolved "https://registry.npmjs.org/fill-range/-/fill-range-7.1.1.tgz"
  integrity sha512-YsGpe3WHLK8ZYi4tWDg2Jy3ebRz2rXowDxnld4bkQB00cc/1Zw9AWnC0i9ztDJitivtQvaI9KaLyKrc+hBW0yg==
  dependencies:
    to-regex-range "^5.0.1"

graceful-fs@^4.2.4:
  version "4.2.11"
  resolved "https://registry.npmjs.org/graceful-fs/-/graceful-fs-4.2.11.tgz"
  integrity sha512-RbJ5/jmFcNNCcDV5o9eTnBLJ/HszWV0P73bc+Ff4nS/rJj+YaS6IGyiOL0VoBYX+l1Wrl3k63h/KrH+nhJ0XvQ==

hogan.js@^3.0.2:
  version "3.0.2"
  resolved "https://registry.npmjs.org/hogan.js/-/hogan.js-3.0.2.tgz"
  integrity sha512-RqGs4wavGYJWE07t35JQccByczmNUXQT0E12ZYV1VKYu5UiAU9lsos/yBAcf840+zrUQQxgVduCR5/B8nNtibg==
  dependencies:
    mkdirp "0.3.0"
    nopt "1.0.10"

htm@^3.0.0, htm@^3.1.1:
  version "3.1.1"
  resolved "https://registry.npmjs.org/htm/-/htm-3.1.1.tgz"
  integrity sha512-983Vyg8NwUE7JkZ6NmOqpCZ+sh1bKv2iYTlUkzlWmA5JD2acKoxd4KVxbMmxX/85mtfdnDmTFoNKcg5DGAvxNQ==

instantsearch-ui-components@0.11.2:
  version "0.11.2"
  resolved "https://registry.npmjs.org/instantsearch-ui-components/-/instantsearch-ui-components-0.11.2.tgz"
  integrity sha512-XxwqUY6NifxSvHYfyfJRiGhqYqHXQFcFNOEjNyFptB9HOkx14yCdayKar4BZxGx353FnFD6b4Z8LdzbGud+RFA==
  dependencies:
    "@babel/runtime" "^7.27.6"

instantsearch.js@^4.80.0:
  version "4.80.0"
  resolved "https://registry.npmjs.org/instantsearch.js/-/instantsearch.js-4.80.0.tgz"
  integrity sha512-l2HTW6+tBs2hGrby43Y7HbWayTifFFKk/ikRU5BXFpCigG6CRAYZLE1NFifAskaj3SVQiY8O8B/T6hJyeMsScA==
  dependencies:
    "@algolia/events" "^4.0.1"
    "@types/dom-speech-recognition" "^0.0.1"
    "@types/google.maps" "^3.55.12"
    "@types/hogan.js" "^3.0.0"
    "@types/qs" "^6.5.3"
    algoliasearch-helper "3.26.0"
    hogan.js "^3.0.2"
    htm "^3.0.0"
    instantsearch-ui-components "0.11.2"
    preact "^10.10.0"
    qs "^6.5.1 < 6.10"
    search-insights "^2.17.2"

is-extglob@^2.1.1:
  version "2.1.1"
  resolved "https://registry.npmjs.org/is-extglob/-/is-extglob-2.1.1.tgz"
  integrity sha512-SbKbANkN603Vi4jEZv49LeVJMn4yGwsbzZworEoyEiutsN3nJYdbO36zfhGJ6QEDpOZIFkDtnq5JRxmvl3jsoQ==

is-glob@^4.0.3:
  version "4.0.3"
  resolved "https://registry.npmjs.org/is-glob/-/is-glob-4.0.3.tgz"
  integrity sha512-xelSayHH36ZgE7ZWhli7pW34hNbNl8Ojv5KVmkJD4hBdD3th8Tfk9vYasLM+mXWOZhFkgZfxhLSnrwRr4elSSg==
  dependencies:
    is-extglob "^2.1.1"

is-number@^7.0.0:
  version "7.0.0"
  resolved "https://registry.npmjs.org/is-number/-/is-number-7.0.0.tgz"
  integrity sha512-41Cifkg6e8TylSpdtTpeLVMqvSBEVzTttHvERD741+pnZ8ANv0004MRL43QKPDlK9cGvNp6NZWZUBlbGXYxxng==

jiti@^2.5.1:
  version "2.5.1"
  resolved "https://registry.npmjs.org/jiti/-/jiti-2.5.1.tgz"
  integrity sha512-twQoecYPiVA5K/h6SxtORw/Bs3ar+mLUtoPSc7iMXzQzK8d7eJ/R09wmTwAjiamETn1cXYPGfNnu7DMoHgu12w==

lightningcss-darwin-arm64@1.30.1:
  version "1.30.1"
  resolved "https://registry.npmjs.org/lightningcss-darwin-arm64/-/lightningcss-darwin-arm64-1.30.1.tgz"
  integrity sha512-c8JK7hyE65X1MHMN+Viq9n11RRC7hgin3HhYKhrMyaXflk5GVplZ60IxyoVtzILeKr+xAJwg6zK6sjTBJ0FKYQ==

lightningcss@1.30.1:
  version "1.30.1"
  resolved "https://registry.npmjs.org/lightningcss/-/lightningcss-1.30.1.tgz"
  integrity sha512-xi6IyHML+c9+Q3W0S4fCQJOym42pyurFiJUHEcEyHS0CeKzia4yZDEsLlqOFykxOdHpNy0NmvVO31vcSqAxJCg==
  dependencies:
    detect-libc "^2.0.3"
  optionalDependencies:
    lightningcss-darwin-arm64 "1.30.1"
    lightningcss-darwin-x64 "1.30.1"
    lightningcss-freebsd-x64 "1.30.1"
    lightningcss-linux-arm-gnueabihf "1.30.1"
    lightningcss-linux-arm64-gnu "1.30.1"
    lightningcss-linux-arm64-musl "1.30.1"
    lightningcss-linux-x64-gnu "1.30.1"
    lightningcss-linux-x64-musl "1.30.1"
    lightningcss-win32-arm64-msvc "1.30.1"
    lightningcss-win32-x64-msvc "1.30.1"

magic-string@^0.30.18:
  version "0.30.19"
  resolved "https://registry.npmjs.org/magic-string/-/magic-string-0.30.19.tgz"
  integrity sha512-2N21sPY9Ws53PZvsEpVtNuSW+ScYbQdp4b9qUaL+9QkHUrGFKo56Lg9Emg5s9V/qrtNBmiR01sYhUOwu3H+VOw==
  dependencies:
    "@jridgewell/sourcemap-codec" "^1.5.5"

micromatch@^4.0.5:
  version "4.0.8"
  resolved "https://registry.npmjs.org/micromatch/-/micromatch-4.0.8.tgz"
  integrity sha512-PXwfBhYu0hBCPw8Dn0E+WDYb7af3dSLVWKi3HGv84IdF4TyFoC0ysxFd0Goxw7nSv4T/PzEJQxsYsEiFCKo2BA==
  dependencies:
    braces "^3.0.3"
    picomatch "^2.3.1"

minipass@^7.0.4, minipass@^7.1.2:
  version "7.1.2"
  resolved "https://registry.npmjs.org/minipass/-/minipass-7.1.2.tgz"
  integrity sha512-qOOzS1cBTWYF4BH8fVePDBOO9iptMnGUEZwNc/cMWnTV2nVLZ7VoNWEPHkYczZA0pdoA7dl6e7FL659nX9S2aw==

minizlib@^3.0.1:
  version "3.0.2"
  resolved "https://registry.npmjs.org/minizlib/-/minizlib-3.0.2.tgz"
  integrity sha512-oG62iEk+CYt5Xj2YqI5Xi9xWUeZhDI8jjQmC5oThVH5JGCTgIjr7ciJDzC7MBzYd//WvR1OTmP5Q38Q8ShQtVA==
  dependencies:
    minipass "^7.1.2"

mkdirp@^3.0.1:
  version "3.0.1"
  resolved "https://registry.npmjs.org/mkdirp/-/mkdirp-3.0.1.tgz"
  integrity sha512-+NsyUUAZDmo6YVHzL/stxSu3t9YS1iljliy3BSDrXJ/dkn1KYdmtZODGGjLcc9XLgVVpH4KshHB8XmZgMhaBXg==

mkdirp@0.3.0:
  version "0.3.0"
  resolved "https://registry.npmjs.org/mkdirp/-/mkdirp-0.3.0.tgz"
  integrity sha512-OHsdUcVAQ6pOtg5JYWpCBo9W/GySVuwvP9hueRMW7UqshC0tbfzLv8wjySTPm3tfUZ/21CE9E1pJagOA91Pxew==

mri@^1.2.0:
  version "1.2.0"
  resolved "https://registry.npmjs.org/mri/-/mri-1.2.0.tgz"
  integrity sha512-tzzskb3bG8LvYGFF/mDTpq3jpI6Q9wc3LEmBaghu+DdCssd1FakN7Bc0hVNmEyGq1bq3RgfkCb3cmQLpNPOroA==

node-addon-api@^7.0.0:
  version "7.1.1"
  resolved "https://registry.npmjs.org/node-addon-api/-/node-addon-api-7.1.1.tgz"
  integrity sha512-5m3bsyrjFWE1xf7nz7YXdN4udnVtXK6/Yfgn5qnahL6bCkf2yKt4k3nuTKAtT4r3IG8JNR2ncsIMdZuAzJjHQQ==

nopt@1.0.10:
  version "1.0.10"
  resolved "https://registry.npmjs.org/nopt/-/nopt-1.0.10.tgz"
  integrity sha512-NWmpvLSqUrgrAC9HCuxEvb+PSloHpqVu+FqcO4eeF2h5qYRhA7ev6KvelyQAKtegUbC6RypJnlEOhd8vloNKYg==
  dependencies:
    abbrev "1"

picocolors@^1.1.1:
  version "1.1.1"
  resolved "https://registry.npmjs.org/picocolors/-/picocolors-1.1.1.tgz"
  integrity sha512-xceH2snhtb5M9liqDsmEw56le376mTZkEX/jEb/RxNFyegNul7eNslCXP9FDj/Lcu0X8KEyMceP2ntpaHrDEVA==

picomatch@^2.3.1:
  version "2.3.1"
  resolved "https://registry.npmjs.org/picomatch/-/picomatch-2.3.1.tgz"
  integrity sha512-JU3teHTNjmE2VCGFzuY8EXzCDVwEqB2a8fsIvwaStHhAWJEeVd1o1QD80CU6+ZdEXXSLbSsuLwJjkCBWqRQUVA==

preact@^10.10.0, preact@^10.13.2:
  version "10.27.1"
  resolved "https://registry.npmjs.org/preact/-/preact-10.27.1.tgz"
  integrity sha512-V79raXEWch/rbqoNc7nT9E4ep7lu+mI3+sBmfRD4i1M73R3WLYcCtdI0ibxGVf4eQL8ZIz2nFacqEC+rmnOORQ==

"qs@^6.5.1 < 6.10":
  version "6.9.7"
  resolved "https://registry.npmjs.org/qs/-/qs-6.9.7.tgz"
  integrity sha512-IhMFgUmuNpyRfxA90umL7ByLlgRXu6tIfKPpF5TmcfRLlLCckfP/g3IQmju6jjpu+Hh8rA+2p6A27ZSPOOHdKw==

search-insights@^2.17.2, "search-insights@>= 1 < 3":
  version "2.17.3"
  resolved "https://registry.npmjs.org/search-insights/-/search-insights-2.17.3.tgz"
  integrity sha512-RQPdCYTa8A68uM2jwxoY842xDhvx3E5LFL1LxvxCNMev4o5mLuokczhzjAgGwUZBAmOKZknArSxLKmXtIi2AxQ==

source-map-js@^1.2.1:
  version "1.2.1"
  resolved "https://registry.npmjs.org/source-map-js/-/source-map-js-1.2.1.tgz"
  integrity sha512-UXWMKhLOwVKb728IUtQPXxfYU+usdybtUrK/8uGE8CQMvrhOpwvzDBwj0QhSL7MQc7vIsISBG8VQ8+IDQxpfQA==

tailwindcss@^4.1.13, tailwindcss@4.1.13:
  version "4.1.13"
  resolved "https://registry.npmjs.org/tailwindcss/-/tailwindcss-4.1.13.tgz"
  integrity sha512-i+zidfmTqtwquj4hMEwdjshYYgMbOrPzb9a0M3ZgNa0JMoZeFC6bxZvO8yr8ozS6ix2SDz0+mvryPeBs2TFE+w==

tapable@^2.2.0:
  version "2.2.3"
  resolved "https://registry.npmjs.org/tapable/-/tapable-2.2.3.tgz"
  integrity sha512-ZL6DDuAlRlLGghwcfmSn9sK3Hr6ArtyudlSAiCqQ6IfE+b+HHbydbYDIG15IfS5do+7XQQBdBiubF/cV2dnDzg==

tar@^7.4.3:
  version "7.4.3"
  resolved "https://registry.npmjs.org/tar/-/tar-7.4.3.tgz"
  integrity sha512-5S7Va8hKfV7W5U6g3aYxXmlPoZVAwUMy9AOKyF2fVuZa2UD3qZjg578OrLRt8PcNN1PleVaL/5/yYATNL0ICUw==
  dependencies:
    "@isaacs/fs-minipass" "^4.0.0"
    chownr "^3.0.0"
    minipass "^7.1.2"
    minizlib "^3.0.1"
    mkdirp "^3.0.1"
    yallist "^5.0.0"

to-regex-range@^5.0.1:
  version "5.0.1"
  resolved "https://registry.npmjs.org/to-regex-range/-/to-regex-range-5.0.1.tgz"
  integrity sha512-65P7iz6X5yEr1cwcgvQxbbIw7Uk3gOy5dIdtZ4rDveLqhrdJP+Li/Hx6tyK0NEb+2GCyneCMJiGqrADCSNk8sQ==
  dependencies:
    is-number "^7.0.0"

yallist@^5.0.0:
  version "5.0.0"
  resolved "https://registry.npmjs.org/yallist/-/yallist-5.0.0.tgz"
  integrity sha512-YgvUTfwqyc7UXVMrB+SImsVYSmTS8X/tSrtdNZMImM+n7+QTriRXyXim0mBrTXNeqzVF0KWGgHPeiyViFFrNDw==
